// !$*UTF8*$!
{
	archiveVersion = 1;
	classes = {
	};
	objectVersion = 46;
	objects = {

/* Begin PBXBuildFile section */
		893E7EBA1D8A588B008D3875 /* AppDelegate.swift in Sources */ = {isa = PBXBuildFile; fileRef = 893E7EB91D8A588B008D3875 /* AppDelegate.swift */; };
		893E7EBC1D8A588B008D3875 /* ViewController.swift in Sources */ = {isa = PBXBuildFile; fileRef = 893E7EBB1D8A588B008D3875 /* ViewController.swift */; };
		893E7EBF1D8A588B008D3875 /* Main.storyboard in Resources */ = {isa = PBXBuildFile; fileRef = 893E7EBD1D8A588B008D3875 /* Main.storyboard */; };
		893E7EC21D8A588B008D3875 /* YTHelperTest.xcdatamodeld in Sources */ = {isa = PBXBuildFile; fileRef = 893E7EC01D8A588B008D3875 /* YTHelperTest.xcdatamodeld */; };
		893E7EC41D8A588B008D3875 /* Assets.xcassets in Resources */ = {isa = PBXBuildFile; fileRef = 893E7EC31D8A588B008D3875 /* Assets.xcassets */; };
		893E7EC71D8A588B008D3875 /* LaunchScreen.storyboard in Resources */ = {isa = PBXBuildFile; fileRef = 893E7EC51D8A588B008D3875 /* LaunchScreen.storyboard */; };
		893E7ED11D8A5975008D3875 /* YTPlayerView.m in Sources */ = {isa = PBXBuildFile; fileRef = 893E7ED01D8A5975008D3875 /* YTPlayerView.m */; };
		893E7ED31D8A598E008D3875 /* Assets in Resources */ = {isa = PBXBuildFile; fileRef = 893E7ED21D8A598E008D3875 /* Assets */; };
/* End PBXBuildFile section */

/* Begin PBXFileReference section */
		893E7EB61D8A588B008D3875 /* YTHelperTest.app */ = {isa = PBXFileReference; explicitFileType = wrapper.application; includeInIndex = 0; path = YTHelperTest.app; sourceTree = BUILT_PRODUCTS_DIR; };
		893E7EB91D8A588B008D3875 /* AppDelegate.swift */ = {isa = PBXFileReference; lastKnownFileType = sourcecode.swift; path = AppDelegate.swift; sourceTree = "<group>"; };
		893E7EBB1D8A588B008D3875 /* ViewController.swift */ = {isa = PBXFileReference; lastKnownFileType = sourcecode.swift; path = ViewController.swift; sourceTree = "<group>"; };
		893E7EBE1D8A588B008D3875 /* Base */ = {isa = PBXFileReference; lastKnownFileType = file.storyboard; name = Base; path = Base.lproj/Main.storyboard; sourceTree = "<group>"; };
		893E7EC11D8A588B008D3875 /* YTHelperTest.xcdatamodel */ = {isa = PBXFileReference; lastKnownFileType = wrapper.xcdatamodel; path = YTHelperTest.xcdatamodel; sourceTree = "<group>"; };
		893E7EC31D8A588B008D3875 /* Assets.xcassets */ = {isa = PBXFileReference; lastKnownFileType = folder.assetcatalog; path = Assets.xcassets; sourceTree = "<group>"; };
		893E7EC61D8A588B008D3875 /* Base */ = {isa = PBXFileReference; lastKnownFileType = file.storyboard; name = Base; path = Base.lproj/LaunchScreen.storyboard; sourceTree = "<group>"; };
		893E7EC81D8A588B008D3875 /* Info.plist */ = {isa = PBXFileReference; lastKnownFileType = text.plist.xml; path = Info.plist; sourceTree = "<group>"; };
		893E7ECE1D8A5974008D3875 /* YTHelperTest-Bridging-Header.h */ = {isa = PBXFileReference; lastKnownFileType = sourcecode.c.h; path = "YTHelperTest-Bridging-Header.h"; sourceTree = "<group>"; };
		893E7ECF1D8A5975008D3875 /* YTPlayerView.h */ = {isa = PBXFileReference; fileEncoding = 4; lastKnownFileType = sourcecode.c.h; path = YTPlayerView.h; sourceTree = "<group>"; };
		893E7ED01D8A5975008D3875 /* YTPlayerView.m */ = {isa = PBXFileReference; fileEncoding = 4; lastKnownFileType = sourcecode.c.objc; path = YTPlayerView.m; sourceTree = "<group>"; };
		893E7ED21D8A598E008D3875 /* Assets */ = {isa = PBXFileReference; lastKnownFileType = folder; path = Assets; sourceTree = "<group>"; };
/* End PBXFileReference section */

/* Begin PBXFrameworksBuildPhase section */
		893E7EB31D8A588B008D3875 /* Frameworks */ = {
			isa = PBXFrameworksBuildPhase;
			buildActionMask = 2147483647;
			files = (
			);
			runOnlyForDeploymentPostprocessing = 0;
		};
/* End PBXFrameworksBuildPhase section */

/* Begin PBXGroup section */
		893E7EAD1D8A588B008D3875 = {
			isa = PBXGroup;
			children = (
				893E7EB81D8A588B008D3875 /* YTHelperTest */,
				893E7EB71D8A588B008D3875 /* Products */,
				893E7ECF1D8A5975008D3875 /* YTPlayerView.h */,
				893E7ED01D8A5975008D3875 /* YTPlayerView.m */,
				893E7ECE1D8A5974008D3875 /* YTHelperTest-Bridging-Header.h */,
				893E7ED21D8A598E008D3875 /* Assets */,
			);
			sourceTree = "<group>";
		};
		893E7EB71D8A588B008D3875 /* Products */ = {
			isa = PBXGroup;
			children = (
				893E7EB61D8A588B008D3875 /* YTHelperTest.app */,
			);
			name = Products;
			sourceTree = "<group>";
		};
		893E7EB81D8A588B008D3875 /* YTHelperTest */ = {
			isa = PBXGroup;
			children = (
				893E7EB91D8A588B008D3875 /* AppDelegate.swift */,
				893E7EBB1D8A588B008D3875 /* ViewController.swift */,
				893E7EBD1D8A588B008D3875 /* Main.storyboard */,
				893E7EC31D8A588B008D3875 /* Assets.xcassets */,
				893E7EC51D8A588B008D3875 /* LaunchScreen.storyboard */,
				893E7EC81D8A588B008D3875 /* Info.plist */,
				893E7EC01D8A588B008D3875 /* YTHelperTest.xcdatamodeld */,
			);
			path = YTHelperTest;
			sourceTree = "<group>";
		};
/* End PBXGroup section */

/* Begin PBXNativeTarget section */
		893E7EB51D8A588B008D3875 /* YTHelperTest */ = {
			isa = PBXNativeTarget;
			buildConfigurationList = 893E7ECB1D8A588B008D3875 /* Build configuration list for PBXNativeTarget "YTHelperTest" */;
			buildPhases = (
				893E7EB21D8A588B008D3875 /* Sources */,
				893E7EB31D8A588B008D3875 /* Frameworks */,
				893E7EB41D8A588B008D3875 /* Resources */,
			);
			buildRules = (
			);
			dependencies = (
			);
			name = YTHelperTest;
			productName = YTHelperTest;
			productReference = 893E7EB61D8A588B008D3875 /* YTHelperTest.app */;
			productType = "com.apple.product-type.application";
		};
/* End PBXNativeTarget section */

/* Begin PBXProject section */
		893E7EAE1D8A588B008D3875 /* Project object */ = {
			isa = PBXProject;
			attributes = {
				LastSwiftUpdateCheck = 0730;
				LastUpgradeCheck = 0730;
				ORGANIZATIONNAME = "Rupal Khilari";
				TargetAttributes = {
					893E7EB51D8A588B008D3875 = {
						CreatedOnToolsVersion = 7.3.1;
						DevelopmentTeam = U2LM586MV2;
					};
				};
			};
			buildConfigurationList = 893E7EB11D8A588B008D3875 /* Build configuration list for PBXProject "YTHelperTest" */;
			compatibilityVersion = "Xcode 3.2";
			developmentRegion = English;
			hasScannedForEncodings = 0;
			knownRegions = (
				en,
				Base,
			);
			mainGroup = 893E7EAD1D8A588B008D3875;
			productRefGroup = 893E7EB71D8A588B008D3875 /* Products */;
			projectDirPath = "";
			projectRoot = "";
			targets = (
				893E7EB51D8A588B008D3875 /* YTHelperTest */,
			);
		};
/* End PBXProject section */

/* Begin PBXResourcesBuildPhase section */
		893E7EB41D8A588B008D3875 /* Resources */ = {
			isa = PBXResourcesBuildPhase;
			buildActionMask = 2147483647;
			files = (
				893E7EC71D8A588B008D3875 /* LaunchScreen.storyboard in Resources */,
				893E7ED31D8A598E008D3875 /* Assets in Resources */,
				893E7EC41D8A588B008D3875 /* Assets.xcassets in Resources */,
				893E7EBF1D8A588B008D3875 /* Main.storyboard in Resources */,
			);
			runOnlyForDeploymentPostprocessing = 0;
		};
/* End PBXResourcesBuildPhase section */

/* Begin PBXSourcesBuildPhase section */
		893E7EB21D8A588B008D3875 /* Sources */ = {
			isa = PBXSourcesBuildPhase;
			buildActionMask = 2147483647;
			files = (
				893E7EBC1D8A588B008D3875 /* ViewController.swift in Sources */,
				893E7EC21D8A588B008D3875 /* YTHelperTest.xcdatamodeld in Sources */,
				893E7ED11D8A5975008D3875 /* YTPlayerView.m in Sources */,
				893E7EBA1D8A588B008D3875 /* AppDelegate.swift in Sources */,
			);
			runOnlyForDeploymentPostprocessing = 0;
		};
/* End PBXSourcesBuildPhase section */

/* Begin PBXVariantGroup section */
		893E7EBD1D8A588B008D3875 /* Main.storyboard */ = {
			isa = PBXVariantGroup;
			children = (
				893E7EBE1D8A588B008D3875 /* Base */,
			);
			name = Main.storyboard;
			sourceTree = "<group>";
		};
		893E7EC51D8A588B008D3875 /* LaunchScreen.storyboard */ = {
			isa = PBXVariantGroup;
			children = (
				893E7EC61D8A588B008D3875 /* Base */,
			);
			name = LaunchScreen.storyboard;
			sourceTree = "<group>";
		};
/* End PBXVariantGroup section */

/* Begin XCBuildConfiguration section */
		893E7EC91D8A588B008D3875 /* Debug */ = {
			isa = XCBuildConfiguration;
			buildSettings = {
				ALWAYS_SEARCH_USER_PATHS = NO;
				CLANG_ANALYZER_NONNULL = YES;
				CLANG_CXX_LANGUAGE_STANDARD = "gnu++0x";
				CLANG_CXX_LIBRARY = "libc++";
				CLANG_ENABLE_MODULES = YES;
				CLANG_ENABLE_OBJC_ARC = YES;
				CLANG_WARN_BOOL_CONVERSION = YES;
				CLANG_WARN_CONSTANT_CONVERSION = YES;
				CLANG_WARN_DIRECT_OBJC_ISA_USAGE = YES_ERROR;
				CLANG_WARN_EMPTY_BODY = YES;
				CLANG_WARN_ENUM_CONVERSION = YES;
				CLANG_WARN_INT_CONVERSION = YES;
				CLANG_WARN_OBJC_ROOT_CLASS = YES_ERROR;
				CLANG_WARN_UNREACHABLE_CODE = YES;
				CLANG_WARN__DUPLICATE_METHOD_MATCH = YES;
				"CODE_SIGN_IDENTITY[sdk=iphoneos*]" = "iPhone Developer";
				COPY_PHASE_STRIP = NO;
				DEBUG_INFORMATION_FORMAT = dwarf;
				ENABLE_STRICT_OBJC_MSGSEND = YES;
				ENABLE_TESTABILITY = YES;
				GCC_C_LANGUAGE_STANDARD = gnu99;
				GCC_DYNAMIC_NO_PIC = NO;
				GCC_NO_COMMON_BLOCKS = YES;
				GCC_OPTIMIZATION_LEVEL = 0;
				GCC_PREPROCESSOR_DEFINITIONS = (
					"DEBUG=1",
					"$(inherited)",
				);
				GCC_WARN_64_TO_32_BIT_CONVERSION = YES;
				GCC_WARN_ABOUT_RETURN_TYPE = YES_ERROR;
				GCC_WARN_UNDECLARED_SELECTOR = YES;
				GCC_WARN_UNINITIALIZED_AUTOS = YES_AGGRESSIVE;
				GCC_WARN_UNUSED_FUNCTION = YES;
				GCC_WARN_UNUSED_VARIABLE = YES;
				IPHONEOS_DEPLOYMENT_TARGET = 9.3;
				MTL_ENABLE_DEBUG_INFO = YES;
				ONLY_ACTIVE_ARCH = YES;
				SDKROOT = iphoneos;
				SWIFT_OPTIMIZATION_LEVEL = "-Onone";
			};
			name = Debug;
		};
		893E7ECA1D8A588B008D3875 /* Release */ = {
			isa = XCBuildConfiguration;
			buildSettings = {
				ALWAYS_SEARCH_USER_PATHS = NO;
				CLANG_ANALYZER_NONNULL = YES;
				CLANG_CXX_LANGUAGE_STANDARD = "gnu++0x";
				CLANG_CXX_LIBRARY = "libc++";
				CLANG_ENABLE_MODULES = YES;
				CLANG_ENABLE_OBJC_ARC = YES;
				CLANG_WARN_BOOL_CONVERSION = YES;
				CLANG_WARN_CONSTANT_CONVERSION = YES;
				CLANG_WARN_DIRECT_OBJC_ISA_USAGE = YES_ERROR;
				CLANG_WARN_EMPTY_BODY = YES;
				CLANG_WARN_ENUM_CONVERSION = YES;
				CLANG_WARN_INT_CONVERSION = YES;
				CLANG_WARN_OBJC_ROOT_CLASS = YES_ERROR;
				CLANG_WARN_UNREACHABLE_CODE = YES;
				CLANG_WARN__DUPLICATE_METHOD_MATCH = YES;
				"CODE_SIGN_IDENTITY[sdk=iphoneos*]" = "iPhone Developer";
				COPY_PHASE_STRIP = NO;
				DEBUG_INFORMATION_FORMAT = "dwarf-with-dsym";
				ENABLE_NS_ASSERTIONS = NO;
				ENABLE_STRICT_OBJC_MSGSEND = YES;
				GCC_C_LANGUAGE_STANDARD = gnu99;
				GCC_NO_COMMON_BLOCKS = YES;
				GCC_WARN_64_TO_32_BIT_CONVERSION = YES;
				GCC_WARN_ABOUT_RETURN_TYPE = YES_ERROR;
				GCC_WARN_UNDECLARED_SELECTOR = YES;
				GCC_WARN_UNINITIALIZED_AUTOS = YES_AGGRESSIVE;
				GCC_WARN_UNUSED_FUNCTION = YES;
				GCC_WARN_UNUSED_VARIABLE = YES;
				IPHONEOS_DEPLOYMENT_TARGET = 9.3;
				MTL_ENABLE_DEBUG_INFO = NO;
				SDKROOT = iphoneos;
				VALIDATE_PRODUCT = YES;
			};
			name = Release;
		};
		893E7ECC1D8A588B008D3875 /* Debug */ = {
			isa = XCBuildConfiguration;
			buildSettings = {
				ASSETCATALOG_COMPILER_APPICON_NAME = AppIcon;
				CLANG_ENABLE_MODULES = YES;
				CODE_SIGN_IDENTITY = "iPhone Developer";
				"CODE_SIGN_IDENTITY[sdk=iphoneos*]" = "iPhone Developer";
				INFOPLIST_FILE = YTHelperTest/Info.plist;
				LD_RUNPATH_SEARCH_PATHS = "$(inherited) @executable_path/Frameworks";
				PRODUCT_BUNDLE_IDENTIFIER = com.rupalkhilari.YTHelperTest;
				PRODUCT_NAME = "$(TARGET_NAME)";
				PROVISIONING_PROFILE = "";
				SWIFT_OBJC_BRIDGING_HEADER = "YTHelperTest-Bridging-Header.h";
				SWIFT_OPTIMIZATION_LEVEL = "-Onone";
			};
			name = Debug;
		};
		893E7ECD1D8A588B008D3875 /* Release */ = {
			isa = XCBuildConfiguration;
			buildSettings = {
				ASSETCATALOG_COMPILER_APPICON_NAME = AppIcon;
				CLANG_ENABLE_MODULES = YES;
				CODE_SIGN_IDENTITY = "iPhone Developer";
				"CODE_SIGN_IDENTITY[sdk=iphoneos*]" = "iPhone Developer";
				INFOPLIST_FILE = YTHelperTest/Info.plist;
				LD_RUNPATH_SEARCH_PATHS = "$(inherited) @executable_path/Frameworks";
				PRODUCT_BUNDLE_IDENTIFIER = com.rupalkhilari.YTHelperTest;
				PRODUCT_NAME = "$(TARGET_NAME)";
				PROVISIONING_PROFILE = "";
				SWIFT_OBJC_BRIDGING_HEADER = "YTHelperTest-Bridging-Header.h";
			};
			name = Release;
		};
/* End XCBuildConfiguration section */

/* Begin XCConfigurationList section */
		893E7EB11D8A588B008D3875 /* Build configuration list for PBXProject "YTHelperTest" */ = {
			isa = XCConfigurationList;
			buildConfigurations = (
				893E7EC91D8A588B008D3875 /* Debug */,
				893E7ECA1D8A588B008D3875 /* Release */,
			);
			defaultConfigurationIsVisible = 0;
			defaultConfigurationName = Release;
		};
		893E7ECB1D8A588B008D3875 /* Build configuration list for PBXNativeTarget "YTHelperTest" */ = {
			isa = XCConfigurationList;
			buildConfigurations = (
				893E7ECC1D8A588B008D3875 /* Debug */,
				893E7ECD1D8A588B008D3875 /* Release */,
			);
			defaultConfigurationIsVisible = 0;
		};
/* End XCConfigurationList section */

/* Begin XCVersionGroup section */
		893E7EC01D8A588B008D3875 /* YTHelperTest.xcdatamodeld */ = {
			isa = XCVersionGroup;
			children = (
				893E7EC11D8A588B008D3875 /* YTHelperTest.xcdatamodel */,
			);
			currentVersion = 893E7EC11D8A588B008D3875 /* YTHelperTest.xcdatamodel */;
			path = YTHelperTest.xcdatamodeld;
			sourceTree = "<group>";
			versionGroupType = wrapper.xcdatamodel;
		};
/* End XCVersionGroup section */
	};
	rootObject = 893E7EAE1D8A588B008D3875 /* Project object */;
}
